
Microsoft Visual Studio Solution File, Format Version 12.00
# Visual Studio Version 17
VisualStudioVersion = 17.0.31912.275
MinimumVisualStudioVersion = 10.0.40219.1
Project("{8BC9CEB8-8B4A-11D0-8D11-00A0C91BC942}") = "Mixpult", "Mixpult\Mixpult.vcxproj", "{2284E7EA-F7CE-4810-99A1-1282D1447C2D}"
EndProject
Global
	GlobalSection(SolutionConfigurationPlatforms) = preSolution
		Debug|x64 = Debug|x64
		Debug|x86 = Debug|x86
		Release|x64 = Release|x64
		Release|x86 = Release|x86
	EndGlobalSection
	GlobalSection(ProjectConfigurationPlatforms) = postSolution
		{2284E7EA-F7CE-4810-99A1-1282D1447C2D}.Debug|x64.ActiveCfg = Debug|x64
		{2284E7EA-F7CE-4810-99A1-1282D1447C2D}.Debug|x64.Build.0 = Debug|x64
		{2284E7EA-F7CE-4810-99A1-1282D1447C2D}.Debug|x86.ActiveCfg = Debug|Win32
		{2284E7EA-F7CE-4810-99A1-1282D1447C2D}.Debug|x86.Build.0 = Debug|Win32
		{2284E7EA-F7CE-4810-99A1-1282D1447C2D}.Release|x64.ActiveCfg = Release|x64
		{2284E7EA-F7CE-4810-99A1-1282D1447C2D}.Release|x64.Build.0 = Release|x64
		{2284E7EA-F7CE-4810-99A1-1282D1447C2D}.Release|x86.ActiveCfg = Release|Win32
		{2284E7EA-F7CE-4810-99A1-1282D1447C2D}.Release|x86.Build.0 = Release|Win32
	EndGlobalSection
	GlobalSection(SolutionProperties) = preSolution
		HideSolutionNode = FALSE
	EndGlobalSection
	GlobalSection(ExtensibilityGlobals) = postSolution
		SolutionGuid = {358720BD-1330-46A5-AC97-48842DDAAEC5}
	EndGlobalSection
EndGlobal
